<?xml version="1.0" encoding="utf-8"?>
<Project ToolsVersion="4.0" xmlns="http://schemas.microsoft.com/developer/msbuild/2003">
  <ItemGroup>
    <Filter Include="Source Files">
      <UniqueIdentifier>{4FC737F1-C7A5-4376-A066-2A32D752A2FF}</UniqueIdentifier>
      <Extensions>cpp;c;cc;cxx;def;odl;idl;hpj;bat;asm;asmx</Extensions>
    </Filter>
    <Filter Include="Header Files">
      <UniqueIdentifier>{93995380-89BD-4b04-88EB-625FBE52EBFB}</UniqueIdentifier>
      <Extensions>h;hpp;hxx;hm;inl;inc;xsd</Extensions>
    </Filter>
    <Filter Include="Resource Files">
      <UniqueIdentifier>{67DA6AB6-F800-4c08-8B7A-83BB121AAD01}</UniqueIdentifier>
      <Extensions>rc;ico;cur;bmp;dlg;rc2;rct;bin;rgs;gif;jpg;jpeg;jpe;resx;tiff;tif;png;wav;mfcribbon-ms</Extensions>
    </Filter>
    <Filter Include="Header Files\AssetManagement">
      <UniqueIdentifier>{64e41669-2629-4ea1-a504-6c436fce7ded}</UniqueIdentifier>
    </Filter>
    <Filter Include="Source Files\AssetManagement">
      <UniqueIdentifier>{a8dcd2ee-76d9-40bf-b3ce-3edcabb01ef3}</UniqueIdentifier>
    </Filter>
    <Filter Include="Header Files\Extras">
      <UniqueIdentifier>{2c187d0c-b07a-4c45-a6c8-6803e01cac29}</UniqueIdentifier>
    </Filter>
    <Filter Include="Source Files\Extras">
      <UniqueIdentifier>{59c2a708-dc64-4bca-b764-231052185a37}</UniqueIdentifier>
    </Filter>
    <Filter Include="Header Files\GameObjects">
      <UniqueIdentifier>{0965565e-60dd-4453-8572-fd4e7cd846b2}</UniqueIdentifier>
    </Filter>
    <Filter Include="Source Files\GameObjects">
      <UniqueIdentifier>{77ac60dc-00a0-47e2-adab-9aca5b079812}</UniqueIdentifier>
    </Filter>
    <Filter Include="Header Files\Collision">
      <UniqueIdentifier>{8884951d-6a1a-4b84-8fe6-12a48d9b9477}</UniqueIdentifier>
    </Filter>
    <Filter Include="Source Files\Collision">
      <UniqueIdentifier>{0e16199b-a4dc-4228-a3a4-7f6775c4a054}</UniqueIdentifier>
    </Filter>
    <Filter Include="Header Files\Graphics">
      <UniqueIdentifier>{d9e6b257-adf5-4550-919b-088a267025a3}</UniqueIdentifier>
    </Filter>
    <Filter Include="Source Files\Graphics">
      <UniqueIdentifier>{ac85e547-3bb0-4a64-bf01-3e65ed674d9a}</UniqueIdentifier>
    </Filter>
    <Filter Include="Header Files\AI">
      <UniqueIdentifier>{9a102f0e-f040-4abf-b37b-c96a6de219cd}</UniqueIdentifier>
    </Filter>
    <Filter Include="Source Files\AI">
      <UniqueIdentifier>{fc3a9708-8f23-4014-b468-3df2f998cd78}</UniqueIdentifier>
    </Filter>
  </ItemGroup>
  <ItemGroup>
    <ClInclude Include="BruteForce.h">
      <Filter>Header Files</Filter>
    </ClInclude>
    <ClInclude Include="Camera.h">
      <Filter>Header Files</Filter>
    </ClInclude>
    <ClInclude Include="Singleton.h">
      <Filter>Header Files</Filter>
    </ClInclude>
    <ClInclude Include="Singletons.h">
      <Filter>Header Files</Filter>
    </ClInclude>
    <ClInclude Include="Terrain.h">
      <Filter>Header Files</Filter>
    </ClInclude>
    <ClInclude Include="MainGame.h">
      <Filter>Header Files</Filter>
    </ClInclude>
    <ClInclude Include="InputGLFW.h">
      <Filter>Header Files</Filter>
    </ClInclude>
    <ClInclude Include="GameWorld.h">
      <Filter>Header Files</Filter>
    </ClInclude>
    <ClInclude Include="TerrainLighting.h">
      <Filter>Header Files</Filter>
    </ClInclude>
    <ClInclude Include="AudioEngine.h">
      <Filter>Header Files</Filter>
    </ClInclude>
    <ClInclude Include="AssetManagement\bmp.h">
      <Filter>Header Files\AssetManagement</Filter>
    </ClInclude>
    <ClInclude Include="AssetManagement\bmpLoader.h">
      <Filter>Header Files\AssetManagement</Filter>
    </ClInclude>
    <ClInclude Include="AssetManagement\GameAsset.h">
      <Filter>Header Files\AssetManagement</Filter>
    </ClInclude>
    <ClInclude Include="AssetManagement\GameAssetFactory.h">
      <Filter>Header Files\AssetManagement</Filter>
    </ClInclude>
    <ClInclude Include="AssetManagement\GameAssetManager.h">
      <Filter>Header Files\AssetManagement</Filter>
    </ClInclude>
    <ClInclude Include="AssetManagement\multitexture.h">
      <Filter>Header Files\AssetManagement</Filter>
    </ClInclude>
    <ClInclude Include="AssetManagement\pcx.h">
      <Filter>Header Files\AssetManagement</Filter>
    </ClInclude>
    <ClInclude Include="AssetManagement\Texture.h">
      <Filter>Header Files\AssetManagement</Filter>
    </ClInclude>
    <ClInclude Include="AssetManagement\textureGenerator.h">
      <Filter>Header Files\AssetManagement</Filter>
    </ClInclude>
    <ClInclude Include="AssetManagement\tga.h">
      <Filter>Header Files\AssetManagement</Filter>
    </ClInclude>
    <ClInclude Include="AssetManagement\tgaLoader.h">
      <Filter>Header Files\AssetManagement</Filter>
    </ClInclude>
    <ClInclude Include="AssetManagement\ResourceManager.h">
      <Filter>Header Files\AssetManagement</Filter>
    </ClInclude>
    <ClInclude Include="AssetManagement\ResourceLoader.h">
      <Filter>Header Files\AssetManagement</Filter>
    </ClInclude>
    <ClInclude Include="AssetManagement\pcxLoader.h">
      <Filter>Header Files\AssetManagement</Filter>
    </ClInclude>
    <ClInclude Include="AssetManagement\md2Header.h">
      <Filter>Header Files\AssetManagement</Filter>
    </ClInclude>
    <ClInclude Include="AssetManagement\md2Loader.h">
      <Filter>Header Files\AssetManagement</Filter>
    </ClInclude>
    <ClInclude Include="Extras\MathExtra.h">
      <Filter>Header Files\Extras</Filter>
    </ClInclude>
    <ClInclude Include="Extras\timer.h">
      <Filter>Header Files\Extras</Filter>
    </ClInclude>
    <ClInclude Include="AssetManagement\md2.h">
      <Filter>Header Files\AssetManagement</Filter>
    </ClInclude>
    <ClInclude Include="Extras\Vector3D.h">
      <Filter>Header Files\Extras</Filter>
    </ClInclude>
    <ClInclude Include="GameObjects\GameObject.h">
      <Filter>Header Files\GameObjects</Filter>
    </ClInclude>
    <ClInclude Include="GameObjects\NPC.h">
      <Filter>Header Files\GameObjects</Filter>
    </ClInclude>
    <ClInclude Include="GameObjects\Player.h">
      <Filter>Header Files\GameObjects</Filter>
    </ClInclude>
    <ClInclude Include="AssetManagement\Mesh.h">
      <Filter>Header Files\AssetManagement</Filter>
    </ClInclude>
    <ClInclude Include="Collision\AABB.h">
      <Filter>Header Files\Collision</Filter>
    </ClInclude>
    <ClInclude Include="Graphics\ViewOpenGL.h">
      <Filter>Header Files\Graphics</Filter>
    </ClInclude>
    <ClInclude Include="Graphics\md2Model.h">
      <Filter>Header Files\Graphics</Filter>
    </ClInclude>
    <ClInclude Include="AI\Movement.h">
      <Filter>Header Files\AI</Filter>
    </ClInclude>
    <ClInclude Include="AI\State.h">
      <Filter>Header Files\AI</Filter>
    </ClInclude>
    <ClInclude Include="AI\StateMachine.h">
      <Filter>Header Files\AI</Filter>
    </ClInclude>
    <ClInclude Include="AssetManagement\obj.h">
      <Filter>Header Files\AssetManagement</Filter>
    </ClInclude>
    <ClInclude Include="AssetManagement\tiny_obj_loader.h">
      <Filter>Header Files\AssetManagement</Filter>
    </ClInclude>
    <ClInclude Include="AssetManagement\objLoader.h">
      <Filter>Header Files\AssetManagement</Filter>
    </ClInclude>
    <ClInclude Include="Graphics\objModel.h">
      <Filter>Header Files\Graphics</Filter>
    </ClInclude>
    <ClInclude Include="GameObjects\Model.h">
      <Filter>Header Files\GameObjects</Filter>
    </ClInclude>
  </ItemGroup>
  <ItemGroup>
    <ClCompile Include="BruteForce.cpp">
      <Filter>Source Files</Filter>
    </ClCompile>
    <ClCompile Include="Camera.cpp">
      <Filter>Source Files</Filter>
    </ClCompile>
    <ClCompile Include="main.cpp">
      <Filter>Source Files</Filter>
    </ClCompile>
    <ClCompile Include="Terrain.cpp">
      <Filter>Source Files</Filter>
    </ClCompile>
    <ClCompile Include="MainGame.cpp">
      <Filter>Source Files</Filter>
    </ClCompile>
    <ClCompile Include="InputGLFW.cpp">
      <Filter>Source Files</Filter>
    </ClCompile>
    <ClCompile Include="GameWorld.cpp">
      <Filter>Source Files</Filter>
    </ClCompile>
    <ClCompile Include="TerrainLighting.cpp">
      <Filter>Source Files</Filter>
    </ClCompile>
    <ClCompile Include="AudioEngine.cpp">
      <Filter>Source Files</Filter>
    </ClCompile>
    <ClCompile Include="AssetManagement\bmp.cpp">
      <Filter>Source Files\AssetManagement</Filter>
    </ClCompile>
    <ClCompile Include="AssetManagement\bmpLoader.cpp">
      <Filter>Source Files\AssetManagement</Filter>
    </ClCompile>
    <ClCompile Include="AssetManagement\GameAsset.cpp">
      <Filter>Source Files\AssetManagement</Filter>
    </ClCompile>
    <ClCompile Include="AssetManagement\GameAssetFactory.cpp">
      <Filter>Source Files\AssetManagement</Filter>
    </ClCompile>
    <ClCompile Include="AssetManagement\GameAssetManager.cpp">
      <Filter>Source Files\AssetManagement</Filter>
    </ClCompile>
    <ClCompile Include="AssetManagement\multitexture.cpp">
      <Filter>Source Files\AssetManagement</Filter>
    </ClCompile>
    <ClCompile Include="AssetManagement\pcx.cpp">
      <Filter>Source Files\AssetManagement</Filter>
    </ClCompile>
    <ClCompile Include="AssetManagement\ResourceManager.cpp">
      <Filter>Source Files\AssetManagement</Filter>
    </ClCompile>
    <ClCompile Include="AssetManagement\Texture.cpp">
      <Filter>Source Files\AssetManagement</Filter>
    </ClCompile>
    <ClCompile Include="AssetManagement\textureGenerator.cpp">
      <Filter>Source Files\AssetManagement</Filter>
    </ClCompile>
    <ClCompile Include="AssetManagement\tga.cpp">
      <Filter>Source Files\AssetManagement</Filter>
    </ClCompile>
    <ClCompile Include="AssetManagement\tgaLoader.cpp">
      <Filter>Source Files\AssetManagement</Filter>
    </ClCompile>
    <ClCompile Include="AssetManagement\ResourceLoader.cpp">
      <Filter>Source Files\AssetManagement</Filter>
    </ClCompile>
    <ClCompile Include="AssetManagement\pcxLoader.cpp">
      <Filter>Source Files\AssetManagement</Filter>
    </ClCompile>
    <ClCompile Include="AssetManagement\md2Header.cpp">
      <Filter>Source Files\AssetManagement</Filter>
    </ClCompile>
    <ClCompile Include="AssetManagement\md2Loader.cpp">
      <Filter>Source Files\AssetManagement</Filter>
    </ClCompile>
    <ClCompile Include="AssetManagement\md2.cpp">
      <Filter>Source Files\AssetManagement</Filter>
    </ClCompile>
    <ClCompile Include="Extras\Vector3D.cpp">
      <Filter>Source Files\Extras</Filter>
    </ClCompile>
    <ClCompile Include="GameObjects\GameObject.cpp">
      <Filter>Source Files\GameObjects</Filter>
    </ClCompile>
    <ClCompile Include="GameObjects\NPC.cpp">
      <Filter>Source Files\GameObjects</Filter>
    </ClCompile>
    <ClCompile Include="GameObjects\Player.cpp">
      <Filter>Source Files\GameObjects</Filter>
    </ClCompile>
    <ClCompile Include="AssetManagement\Mesh.cpp">
      <Filter>Source Files\AssetManagement</Filter>
    </ClCompile>
    <ClCompile Include="Collision\AABB.cpp">
      <Filter>Source Files\Collision</Filter>
    </ClCompile>
    <ClCompile Include="Graphics\ViewOpenGL.cpp">
      <Filter>Source Files\Graphics</Filter>
    </ClCompile>
    <ClCompile Include="Graphics\md2Model.cpp">
      <Filter>Source Files\Graphics</Filter>
    </ClCompile>
    <ClCompile Include="AI\Movement.cpp">
      <Filter>Source Files\AI</Filter>
    </ClCompile>
    <ClCompile Include="AssetManagement\obj.cpp">
      <Filter>Source Files\AssetManagement</Filter>
    </ClCompile>
    <ClCompile Include="AssetManagement\tiny_obj_loader.cc">
      <Filter>Source Files\AssetManagement</Filter>
    </ClCompile>
    <ClCompile Include="AssetManagement\objLoader.cpp">
      <Filter>Source Files\AssetManagement</Filter>
    </ClCompile>
    <ClCompile Include="Graphics\objModel.cpp">
      <Filter>Source Files\Graphics</Filter>
    </ClCompile>
    <ClCompile Include="GameObjects\Model.cpp">
      <Filter>Source Files\GameObjects</Filter>
    </ClCompile>
  </ItemGroup>
</Project>